Microsoft Visual Studio Solution File, Format Version 12.00
# Visual Studio Version 17
VisualStudioVersion = 17.8.34330.188
MinimumVisualStudioVersion = 10.0.40219.1
Project("{FAE04EC0-301F-11D3-BF4B-00C04F79EFBC}") = "SportsFieldBooking.DataAccess", "SportsFieldBooking.DataAccess\SportsFieldBooking.DataAccess.csproj", "{A1B2C3D4-0001-4A4A-9A9A-111111111111}"
EndProject
Project("{FAE04EC0-301F-11D3-BF4B-00C04F79EFBC}") = "SportsFieldBooking.Business", "SportsFieldBooking.Business\SportsFieldBooking.Business.csproj", "{A1B2C3D4-0002-4A4A-9A9A-222222222222}"
EndProject
Project("{FAE04EC0-301F-11D3-BF4B-00C04F79EFBC}") = "SportsFieldBooking.Web", "SportsFieldBooking.Web\SportsFieldBooking.Web.csproj", "{A1B2C3D4-0003-4A4A-9A9A-333333333333}"
EndProject
Global
	GlobalSection(SolutionConfigurationPlatforms) = preSolution
		Debug|Any CPU = Debug|Any CPU
		Release|Any CPU = Release|Any CPU
	EndGlobalSection
	GlobalSection(ProjectConfigurationPlatforms) = postSolution
		{A1B2C3D4-0001-4A4A-9A9A-111111111111}.Debug|Any CPU.ActiveCfg = Debug|Any CPU
		{A1B2C3D4-0001-4A4A-9A9A-111111111111}.Debug|Any CPU.Build.0 = Debug|Any CPU
		{A1B2C3D4-0001-4A4A-9A9A-111111111111}.Release|Any CPU.ActiveCfg = Release|Any CPU
		{A1B2C3D4-0001-4A4A-9A9A-111111111111}.Release|Any CPU.Build.0 = Release|Any CPU
		{A1B2C3D4-0002-4A4A-9A9A-222222222222}.Debug|Any CPU.ActiveCfg = Debug|Any CPU
		{A1B2C3D4-0002-4A4A-9A9A-222222222222}.Debug|Any CPU.Build.0 = Debug|Any CPU
		{A1B2C3D4-0002-4A4A-9A9A-222222222222}.Release|Any CPU.ActiveCfg = Release|Any CPU
		{A1B2C3D4-0002-4A4A-9A9A-222222222222}.Release|Any CPU.Build.0 = Release|Any CPU
		{A1B2C3D4-0003-4A4A-9A9A-333333333333}.Debug|Any CPU.ActiveCfg = Debug|Any CPU
		{A1B2C3D4-0003-4A4A-9A9A-333333333333}.Debug|Any CPU.Build.0 = Debug|Any CPU
		{A1B2C3D4-0003-4A4A-9A9A-333333333333}.Release|Any CPU.ActiveCfg = Release|Any CPU
		{A1B2C3D4-0003-4A4A-9A9A-333333333333}.Release|Any CPU.Build.0 = Release|Any CPU
	EndGlobalSection
	GlobalSection(SolutionProperties) = preSolution
		HideSolutionNode = FALSE
	EndGlobalSection
EndGlobal
